
Microsoft Visual Studio Solution File, Format Version 12.00
# Visual Studio Version 17
VisualStudioVersion = 17.2.32519.379
MinimumVisualStudioVersion = 10.0.40219.1
Project("{FAE04EC0-301F-11D3-BF4B-00C04F79EFBC}") = "Garage_2", "Garage_2.csproj", "{AC7346F9-F99D-467E-94D3-ADD8D9580793}"
EndProject
Global
	GlobalSection(SolutionConfigurationPlatforms) = preSolution
		Debug|Any CPU = Debug|Any CPU
		Release|Any CPU = Release|Any CPU
	EndGlobalSection
	GlobalSection(ProjectConfigurationPlatforms) = postSolution
		{AC7346F9-F99D-467E-94D3-ADD8D9580793}.Debug|Any CPU.ActiveCfg = Debug|Any CPU
		{AC7346F9-F99D-467E-94D3-ADD8D9580793}.Debug|Any CPU.Build.0 = Debug|Any CPU
		{AC7346F9-F99D-467E-94D3-ADD8D9580793}.Release|Any CPU.ActiveCfg = Release|Any CPU
		{AC7346F9-F99D-467E-94D3-ADD8D9580793}.Release|Any CPU.Build.0 = Release|Any CPU
	EndGlobalSection
	GlobalSection(SolutionProperties) = preSolution
		HideSolutionNode = FALSE
	EndGlobalSection
	GlobalSection(ExtensibilityGlobals) = postSolution
		SolutionGuid = {B8E88C37-9E0E-46F4-844B-87E0A6A9B061}
	EndGlobalSection
EndGlobal
